
Microsoft Visual Studio Solution File, Format Version 12.00
# Visual Studio Version 16
VisualStudioVersion = 16.0.30503.244
MinimumVisualStudioVersion = 10.0.40219.1
Project("{FAE04EC0-301F-11D3-BF4B-00C04F79EFBC}") = "tesztverseny", "tesztverseny\tesztverseny.csproj", "{5EB42AB6-5467-4D34-AD02-4D99F37C17A8}"
EndProject
Global
	GlobalSection(SolutionConfigurationPlatforms) = preSolution
		Debug|Any CPU = Debug|Any CPU
		Release|Any CPU = Release|Any CPU
	EndGlobalSection
	GlobalSection(ProjectConfigurationPlatforms) = postSolution
		{5EB42AB6-5467-4D34-AD02-4D99F37C17A8}.Debug|Any CPU.ActiveCfg = Debug|Any CPU
		{5EB42AB6-5467-4D34-AD02-4D99F37C17A8}.Debug|Any CPU.Build.0 = Debug|Any CPU
		{5EB42AB6-5467-4D34-AD02-4D99F37C17A8}.Release|Any CPU.ActiveCfg = Release|Any CPU
		{5EB42AB6-5467-4D34-AD02-4D99F37C17A8}.Release|Any CPU.Build.0 = Release|Any CPU
	EndGlobalSection
	GlobalSection(SolutionProperties) = preSolution
		HideSolutionNode = FALSE
	EndGlobalSection
	GlobalSection(ExtensibilityGlobals) = postSolution
		SolutionGuid = {DAD5BCC8-F9BE-4B83-9DFF-7786068EB0F8}
	EndGlobalSection
EndGlobal
